
Microsoft Visual Studio Solution File, Format Version 12.00
# Visual Studio Version 17
VisualStudioVersion = 17.13.35913.81 d17.13
MinimumVisualStudioVersion = 10.0.40219.1
Project("{FAE04EC0-301F-11D3-BF4B-00C04F79EFBC}") = "IdentifyVowels", "IdentifyVowels.csproj", "{828CBEB7-BF02-4298-BA92-61A1395CEED8}"
EndProject
Global
	GlobalSection(SolutionConfigurationPlatforms) = preSolution
		Debug|Any CPU = Debug|Any CPU
		Release|Any CPU = Release|Any CPU
	EndGlobalSection
	GlobalSection(ProjectConfigurationPlatforms) = postSolution
		{828CBEB7-BF02-4298-BA92-61A1395CEED8}.Debug|Any CPU.ActiveCfg = Debug|Any CPU
		{828CBEB7-BF02-4298-BA92-61A1395CEED8}.Debug|Any CPU.Build.0 = Debug|Any CPU
		{828CBEB7-BF02-4298-BA92-61A1395CEED8}.Release|Any CPU.ActiveCfg = Release|Any CPU
		{828CBEB7-BF02-4298-BA92-61A1395CEED8}.Release|Any CPU.Build.0 = Release|Any CPU
	EndGlobalSection
	GlobalSection(SolutionProperties) = preSolution
		HideSolutionNode = FALSE
	EndGlobalSection
	GlobalSection(ExtensibilityGlobals) = postSolution
		SolutionGuid = {A4B4137E-E2E7-4A56-9FE1-5F0C90081110}
	EndGlobalSection
EndGlobal
